
Microsoft Visual Studio Solution File, Format Version 12.00
# Visual Studio 15
VisualStudioVersion = 15.0.26730.16
MinimumVisualStudioVersion = 10.0.40219.1
Project("{FAE04EC0-301F-11D3-BF4B-00C04F79EFBC}") = "GetMax", "GetMax\GetMax.csproj", "{C3CF51E0-722B-40E3-8463-947D4C773940}"
EndProject
Project("{FAE04EC0-301F-11D3-BF4B-00C04F79EFBC}") = "GeometryCalculator", "GeometryCalculator\GeometryCalculator.csproj", "{0C59A41A-DE1E-49A7-8CE8-AEF43EF24FB4}"
EndProject
Global
	GlobalSection(SolutionConfigurationPlatforms) = preSolution
		Debug|Any CPU = Debug|Any CPU
		Release|Any CPU = Release|Any CPU
	EndGlobalSection
	GlobalSection(ProjectConfigurationPlatforms) = postSolution
		{C3CF51E0-722B-40E3-8463-947D4C773940}.Debug|Any CPU.ActiveCfg = Debug|Any CPU
		{C3CF51E0-722B-40E3-8463-947D4C773940}.Debug|Any CPU.Build.0 = Debug|Any CPU
		{C3CF51E0-722B-40E3-8463-947D4C773940}.Release|Any CPU.ActiveCfg = Release|Any CPU
		{C3CF51E0-722B-40E3-8463-947D4C773940}.Release|Any CPU.Build.0 = Release|Any CPU
		{0C59A41A-DE1E-49A7-8CE8-AEF43EF24FB4}.Debug|Any CPU.ActiveCfg = Debug|Any CPU
		{0C59A41A-DE1E-49A7-8CE8-AEF43EF24FB4}.Debug|Any CPU.Build.0 = Debug|Any CPU
		{0C59A41A-DE1E-49A7-8CE8-AEF43EF24FB4}.Release|Any CPU.ActiveCfg = Release|Any CPU
		{0C59A41A-DE1E-49A7-8CE8-AEF43EF24FB4}.Release|Any CPU.Build.0 = Release|Any CPU
	EndGlobalSection
	GlobalSection(SolutionProperties) = preSolution
		HideSolutionNode = FALSE
	EndGlobalSection
	GlobalSection(ExtensibilityGlobals) = postSolution
		SolutionGuid = {216CFE6D-F8E1-4AFB-9F91-ED7D8A227C4F}
	EndGlobalSection
EndGlobal
